
Microsoft Visual Studio Solution File, Format Version 12.00
# Visual Studio 15
VisualStudioVersion = 15.0.27130.2036
MinimumVisualStudioVersion = 10.0.40219.1
Project("{FAE04EC0-301F-11D3-BF4B-00C04F79EFBC}") = "BuildAbike", "BuildAbike\BuildAbike.csproj", "{4F1622F3-2D45-40C6-A98E-A67C0C096E81}"
EndProject
Project("{FAE04EC0-301F-11D3-BF4B-00C04F79EFBC}") = "TestProject", "TestProject\TestProject.csproj", "{40F2CBD4-D0A5-4B97-8A17-FE2B7DA16A65}"
EndProject
Project("{FAE04EC0-301F-11D3-BF4B-00C04F79EFBC}") = "UITest_BuildAbike", "UITest_BuildAbike\UITest_BuildAbike.csproj", "{98DB5867-D94F-44DD-99C1-105B9C85CA24}"
EndProject
Global
	GlobalSection(SolutionConfigurationPlatforms) = preSolution
		Debug|Any CPU = Debug|Any CPU
		Release|Any CPU = Release|Any CPU
	EndGlobalSection
	GlobalSection(ProjectConfigurationPlatforms) = postSolution
		{4F1622F3-2D45-40C6-A98E-A67C0C096E81}.Debug|Any CPU.ActiveCfg = Debug|Any CPU
		{4F1622F3-2D45-40C6-A98E-A67C0C096E81}.Debug|Any CPU.Build.0 = Debug|Any CPU
		{4F1622F3-2D45-40C6-A98E-A67C0C096E81}.Release|Any CPU.ActiveCfg = Release|Any CPU
		{4F1622F3-2D45-40C6-A98E-A67C0C096E81}.Release|Any CPU.Build.0 = Release|Any CPU
		{40F2CBD4-D0A5-4B97-8A17-FE2B7DA16A65}.Debug|Any CPU.ActiveCfg = Debug|Any CPU
		{40F2CBD4-D0A5-4B97-8A17-FE2B7DA16A65}.Debug|Any CPU.Build.0 = Debug|Any CPU
		{40F2CBD4-D0A5-4B97-8A17-FE2B7DA16A65}.Release|Any CPU.ActiveCfg = Release|Any CPU
		{40F2CBD4-D0A5-4B97-8A17-FE2B7DA16A65}.Release|Any CPU.Build.0 = Release|Any CPU
		{98DB5867-D94F-44DD-99C1-105B9C85CA24}.Debug|Any CPU.ActiveCfg = Debug|Any CPU
		{98DB5867-D94F-44DD-99C1-105B9C85CA24}.Debug|Any CPU.Build.0 = Debug|Any CPU
		{98DB5867-D94F-44DD-99C1-105B9C85CA24}.Release|Any CPU.ActiveCfg = Release|Any CPU
		{98DB5867-D94F-44DD-99C1-105B9C85CA24}.Release|Any CPU.Build.0 = Release|Any CPU
	EndGlobalSection
	GlobalSection(SolutionProperties) = preSolution
		HideSolutionNode = FALSE
	EndGlobalSection
	GlobalSection(ExtensibilityGlobals) = postSolution
		SolutionGuid = {92B46C03-9BD6-4FC6-B725-720892C5770B}
	EndGlobalSection
EndGlobal
